
Microsoft Visual Studio Solution File, Format Version 12.00
# Visual Studio Version 16
VisualStudioVersion = 16.0.32510.428
MinimumVisualStudioVersion = 10.0.40219.1
Project("{FAE04EC0-301F-11D3-BF4B-00C04F79EFBC}") = "WKTechnology.API", "WKTechnology\WKTechnology.API.csproj", "{83BD82F0-D2B3-4A86-BBB8-A28B1EDC74C8}"
EndProject
Project("{FAE04EC0-301F-11D3-BF4B-00C04F79EFBC}") = "WKTechnology.Domain", "WKTechnology.Domain\WKTechnology.Domain.csproj", "{C27EAFBF-2274-4BD1-A4EF-4A4C7DA1844F}"
EndProject
Project("{FAE04EC0-301F-11D3-BF4B-00C04F79EFBC}") = "WKTechnology.Infrastructure", "WKTechnology.Repository\WKTechnology.Infrastructure.csproj", "{2848A18B-5E09-4718-BC4D-5AD668794163}"
EndProject
Project("{FAE04EC0-301F-11D3-BF4B-00C04F79EFBC}") = "WKTechnology.Common", "WKTechnology.Common\WKTechnology.Common.csproj", "{FFE7CFC6-476C-4A56-9CA9-B17FBB8928FD}"
EndProject
Global
	GlobalSection(SolutionConfigurationPlatforms) = preSolution
		Debug|Any CPU = Debug|Any CPU
		Release|Any CPU = Release|Any CPU
	EndGlobalSection
	GlobalSection(ProjectConfigurationPlatforms) = postSolution
		{83BD82F0-D2B3-4A86-BBB8-A28B1EDC74C8}.Debug|Any CPU.ActiveCfg = Debug|Any CPU
		{83BD82F0-D2B3-4A86-BBB8-A28B1EDC74C8}.Debug|Any CPU.Build.0 = Debug|Any CPU
		{83BD82F0-D2B3-4A86-BBB8-A28B1EDC74C8}.Release|Any CPU.ActiveCfg = Release|Any CPU
		{83BD82F0-D2B3-4A86-BBB8-A28B1EDC74C8}.Release|Any CPU.Build.0 = Release|Any CPU
		{C27EAFBF-2274-4BD1-A4EF-4A4C7DA1844F}.Debug|Any CPU.ActiveCfg = Debug|Any CPU
		{C27EAFBF-2274-4BD1-A4EF-4A4C7DA1844F}.Debug|Any CPU.Build.0 = Debug|Any CPU
		{C27EAFBF-2274-4BD1-A4EF-4A4C7DA1844F}.Release|Any CPU.ActiveCfg = Release|Any CPU
		{C27EAFBF-2274-4BD1-A4EF-4A4C7DA1844F}.Release|Any CPU.Build.0 = Release|Any CPU
		{2848A18B-5E09-4718-BC4D-5AD668794163}.Debug|Any CPU.ActiveCfg = Debug|Any CPU
		{2848A18B-5E09-4718-BC4D-5AD668794163}.Debug|Any CPU.Build.0 = Debug|Any CPU
		{2848A18B-5E09-4718-BC4D-5AD668794163}.Release|Any CPU.ActiveCfg = Release|Any CPU
		{2848A18B-5E09-4718-BC4D-5AD668794163}.Release|Any CPU.Build.0 = Release|Any CPU
		{FFE7CFC6-476C-4A56-9CA9-B17FBB8928FD}.Debug|Any CPU.ActiveCfg = Debug|Any CPU
		{FFE7CFC6-476C-4A56-9CA9-B17FBB8928FD}.Debug|Any CPU.Build.0 = Debug|Any CPU
		{FFE7CFC6-476C-4A56-9CA9-B17FBB8928FD}.Release|Any CPU.ActiveCfg = Release|Any CPU
		{FFE7CFC6-476C-4A56-9CA9-B17FBB8928FD}.Release|Any CPU.Build.0 = Release|Any CPU
	EndGlobalSection
	GlobalSection(SolutionProperties) = preSolution
		HideSolutionNode = FALSE
	EndGlobalSection
	GlobalSection(ExtensibilityGlobals) = postSolution
		SolutionGuid = {CF6F9145-346C-4CAC-B3C1-5CE3DE4F5B9B}
	EndGlobalSection
EndGlobal
